{
  "requires": true,
  "lockfileVersion": 1,
  "dependencies": {
    "@types/accepts": {
      "version": "1.3.7",
      "resolved": "https://registry.npmjs.org/@types/accepts/-/accepts-1.3.7.tgz",
      "integrity": "sha512-Pay9fq2lM2wXPWbteBsRAGiWH2hig4ZE2asK+mm7kUzlxRTfL961rj89I6zV/E3PcIkDqyuBEcMxFT7rccugeQ==",
      "dev": true,
      "requires": {
        "@types/node": "*"
      }
    },
    "@types/body-parser": {
      "version": "1.19.5",
      "resolved": "https://registry.npmjs.org/@types/body-parser/-/body-parser-1.19.5.tgz",
      "integrity": "sha512-fB3Zu92ucau0iQ0JMCFQE7b/dv8Ot07NI3KaZIkIUNXq82k4eBAqUaneXfleGY9JWskeS9y+u0nXMyspcuQrCg==",
      "dev": true,
      "requires": {
        "@types/connect": "*",
        "@types/node": "*"
      }
    },
    "@types/bytes": {
      "version": "3.1.4",
      "resolved": "https://registry.npmjs.org/@types/bytes/-/bytes-3.1.4.tgz",
      "integrity": "sha512-A0uYgOj3zNc4hNjHc5lYUfJQ/HVyBXiUMKdXd7ysclaE6k9oJdavQzODHuwjpUu2/boCP8afjQYi8z/GtvNCWA==",
      "dev": true
    },
    "@types/call-bind": {
      "version": "1.0.5",
      "resolved": "https://registry.npmjs.org/@types/call-bind/-/call-bind-1.0.5.tgz",
      "integrity": "sha512-7kCxl5FGXPEu5ov4auOTJiXQy6/heCpRcjbk54WAeKOEAclJTb5z6PDb8Ai85A51bxczAM0PHdes3p3340nM3g==",
      "dev": true,
      "requires": {
        "@types/get-intrinsic": "*"
      }
    },
    "@types/color-convert": {
      "version": "2.0.3",
      "resolved": "https://registry.npmjs.org/@types/color-convert/-/color-convert-2.0.3.tgz",
      "integrity": "sha512-2Q6wzrNiuEvYxVQqhh7sXM2mhIhvZR/Paq4FdsQkOMgWsCIkKvSGj8Le1/XalulrmgOzPMqNa0ix+ePY4hTrfg==",
      "dev": true,
      "requires": {
        "@types/color-name": "*"
      }
    },
    "@types/color-name": {
      "version": "1.1.3",
      "resolved": "https://registry.npmjs.org/@types/color-name/-/color-name-1.1.3.tgz",
      "integrity": "sha512-87W6MJCKZYDhLAx/J1ikW8niMvmGRyY+rpUxWpL1cO7F8Uu5CHuQoFv+R0/L5pgNdW4jTyda42kv60uwVIPjLw==",
      "dev": true
    },
    "@types/combined-stream": {
      "version": "1.0.6",
      "resolved": "https://registry.npmjs.org/@types/combined-stream/-/combined-stream-1.0.6.tgz",
      "integrity": "sha512-NAGbUZoeU5y1ENYRjl5LGcl2rJLdt8tbLy7Lq+/B7Uw0b3jHoK1OEo2Im38iLCg6bfWwYm1cXSo7fcGftqemeQ==",
      "dev": true,
      "requires": {
        "@types/node": "*"
      }
    },
    "@types/connect": {
      "version": "3.4.38",
      "resolved": "https://registry.npmjs.org/@types/connect/-/connect-3.4.38.tgz",
      "integrity": "sha512-K6uROf1LD88uDQqJCktA4yzL1YYAK6NgfsI0v/mTgyPKWsX1CnJ0XPSDhViejru1GcRkLWb8RlzFYJRqGUbaug==",
      "dev": true,
      "requires": {
        "@types/node": "*"
      }
    },
    "@types/content-disposition": {
      "version": "0.5.8",
      "resolved": "https://registry.npmjs.org/@types/content-disposition/-/content-disposition-0.5.8.tgz",
      "integrity": "sha512-QVSSvno3dE0MgO76pJhmv4Qyi/j0Yk9pBp0Y7TJ2Tlj+KCgJWY6qX7nnxCOLkZ3VYRSIk1WTxCvwUSdx6CCLdg==",
      "dev": true
    },
    "@types/content-type": {
      "version": "1.1.8",
      "resolved": "https://registry.npmjs.org/@types/content-type/-/content-type-1.1.8.tgz",
      "integrity": "sha512-1tBhmVUeso3+ahfyaKluXe38p+94lovUZdoVfQ3OnJo9uJC42JT7CBoN3k9HYhAae+GwiBYmHu+N9FZhOG+2Pg==",
      "dev": true
    },
    "@types/cookie": {
      "version": "0.6.0",
      "resolved": "https://registry.npmjs.org/@types/cookie/-/cookie-0.6.0.tgz",
      "integrity": "sha512-4Kh9a6B2bQciAhf7FSuMRRkUWecJgJu9nPnx3yzpsfXX/c50REIqpHY4C82bXP90qrLtXtkDxTZosYO3UpOwlA==",
      "dev": true
    },
    "@types/cookie-signature": {
      "version": "1.1.2",
      "resolved": "https://registry.npmjs.org/@types/cookie-signature/-/cookie-signature-1.1.2.tgz",
      "integrity": "sha512-2OhrZV2LVnUAXklUFwuYUTokalh/dUb8rqt70OW6ByMSxYpauPZ+kfNLknX3aJyjY5iu8i3cUyoLZP9Fn37tTg==",
      "dev": true,
      "requires": {
        "@types/node": "*"
      }
    },
    "@types/debug": {
      "version": "4.1.12",
      "resolved": "https://registry.npmjs.org/@types/debug/-/debug-4.1.12.tgz",
      "integrity": "sha512-vIChWdVG3LG1SMxEvI/AK+FWJthlrqlTu7fbrlywTkkaONwk/UAGaULXRlf8vkzFBLVm0zkMdCquhL5aOjhXPQ==",
      "dev": true,
      "requires": {
        "@types/ms": "*"
      }
    },
    "@types/depd": {
      "version": "1.1.36",
      "resolved": "https://registry.npmjs.org/@types/depd/-/depd-1.1.36.tgz",
      "integrity": "sha512-+apvfj5Bn6ORfud9XrgoIu6H6s2pTN+X8rQ2LgkA3YUXY+PiXkCJjizh8qxv8CrLtXlxw3NCmYrNbbeckVOQrA==",
      "dev": true,
      "requires": {
        "@types/node": "*"
      }
    },
    "@types/destroy": {
      "version": "1.0.3",
      "resolved": "https://registry.npmjs.org/@types/destroy/-/destroy-1.0.3.tgz",
      "integrity": "sha512-nRcH61sRUBct1KM6dV4kjNzgLBrM6eSafsBfoGo/tOeKkTPbYsqi5uJqh8Rq7M9+stYh0wW+Tg56XFcsCPrjhw==",
      "dev": true,
      "requires": {
        "@types/node": "*"
      }
    },
    "@types/ee-first": {
      "version": "1.1.3",
      "resolved": "https://registry.npmjs.org/@types/ee-first/-/ee-first-1.1.3.tgz",
      "integrity": "sha512-j0b+mUFtBRe1n3bwikuFmooko73tiy6ArIb2ZjmsstYXdzsSt7MTlldEM39WIXVsElpUWOAiMFQeFpYOGNB4uQ==",
      "dev": true,
      "requires": {
        "@types/node": "*"
      }
    },
    "@types/encodeurl": {
      "version": "1.0.2",
      "resolved": "https://registry.npmjs.org/@types/encodeurl/-/encodeurl-1.0.2.tgz",
      "integrity": "sha512-oSnLIbaOi9CK6ksuZLxVfIs95wzG0gxjch0Mu0P/ViwLj5gvqmd2iy0e6NYluiEOCeUIFdyE9oR9kLKwDa++dw==",
      "dev": true
    },
    "@types/escape-html": {
      "version": "1.0.4",
      "resolved": "https://registry.npmjs.org/@types/escape-html/-/escape-html-1.0.4.tgz",
      "integrity": "sha512-qZ72SFTgUAZ5a7Tj6kf2SHLetiH5S6f8G5frB2SPQ3EyF02kxdyBFf4Tz4banE3xCgGnKgWLt//a6VuYHKYJTg==",
      "dev": true
    },
    "@types/etag": {
      "version": "1.8.3",
      "resolved": "https://registry.npmjs.org/@types/etag/-/etag-1.8.3.tgz",
      "integrity": "sha512-QYHv9Yeh1ZYSMPQOoxY4XC4F1r+xRUiAriB303F4G6uBsT3KKX60DjiogvVv+2VISVDuJhcIzMdbjT+Bm938QQ==",
      "dev": true,
      "requires": {
        "@types/node": "*"
      }
    },
    "@types/express": {
      "version": "4.17.21",
      "resolved": "https://registry.npmjs.org/@types/express/-/express-4.17.21.tgz",
      "integrity": "sha512-ejlPM315qwLpaQlQDTjPdsUFSc6ZsP4AN6AlWnogPjQ7CVi7PYF3YVz+CY3jE2pwYf7E/7HlDAN0rV2GxTG0HQ==",
      "dev": true,
      "requires": {
        "@types/body-parser": "*",
        "@types/express-serve-static-core": "^4.17.33",
        "@types/qs": "*",
        "@types/serve-static": "*"
      }
    },
    "@types/express-serve-static-core": {
      "version": "4.17.41",
      "resolved": "https://registry.npmjs.org/@types/express-serve-static-core/-/express-serve-static-core-4.17.41.tgz",
      "integrity": "sha512-OaJ7XLaelTgrvlZD8/aa0vvvxZdUmlCn6MtWeB7TkiKW70BQLc9XEPpDLPdbo52ZhXUCrznlWdCHWxJWtdyajA==",
      "dev": true,
      "requires": {
        "@types/node": "*",
        "@types/qs": "*",
        "@types/range-parser": "*",
        "@types/send": "*"
      }
    },
    "@types/finalhandler": {
      "version": "1.2.3",
      "resolved": "https://registry.npmjs.org/@types/finalhandler/-/finalhandler-1.2.3.tgz",
      "integrity": "sha512-I+Ba0JZEiuSr8LLjVmBhvLBEN8KG9GSITNXWwPCLeAvZj/k5pXEdOBEvnEEIgA038eeaauJ3BPxbuxeFBsqqUw==",
      "dev": true,
      "requires": {
        "@types/node": "*"
      }
    },
    "@types/follow-redirects": {
      "version": "1.14.4",
      "resolved": "https://registry.npmjs.org/@types/follow-redirects/-/follow-redirects-1.14.4.tgz",
      "integrity": "sha512-GWXfsD0Jc1RWiFmMuMFCpXMzi9L7oPDVwxUnZdg89kDNnqsRfUKXEtUYtA98A6lig1WXH/CYY/fvPW9HuN5fTA==",
      "dev": true,
      "requires": {
        "@types/node": "*"
      }
    },
    "@types/forwarded": {
      "version": "0.1.3",
      "resolved": "https://registry.npmjs.org/@types/forwarded/-/forwarded-0.1.3.tgz",
      "integrity": "sha512-b6nH+hVy48XJEtuTkgfk2mY9JuR1JdOanOcDHXf8nJuE8JtZj9Fs46QCalKvjFOyzMLIZEXAYCYfxP/596bMHg==",
      "dev": true,
      "requires": {
        "@types/node": "*"
      }
    },
    "@types/fresh": {
      "version": "0.5.2",
      "resolved": "https://registry.npmjs.org/@types/fresh/-/fresh-0.5.2.tgz",
      "integrity": "sha512-3WJILVS3mH25chJYG8WLzgohpXkqSE5S1dKFSWi+0O6hLjzZKL+AUvjFsk3YqwnUcRL6lQ2BR1IKVwedj5AiEw==",
      "dev": true
    },
    "@types/function-bind": {
      "version": "1.1.10",
      "resolved": "https://registry.npmjs.org/@types/function-bind/-/function-bind-1.1.10.tgz",
      "integrity": "sha512-DCqXAnivJmYtk2ERufryJbNB606D4ae4PjjD2PC1eboq+mBF1XGlMEMCmoarPAWicKMIpSFoxXlWfgHnWoXvCQ==",
      "dev": true
    },
    "@types/get-intrinsic": {
      "version": "1.2.2",
      "resolved": "https://registry.npmjs.org/@types/get-intrinsic/-/get-intrinsic-1.2.2.tgz",
      "integrity": "sha512-sZ6hqBS4pF6cClLCBNbZBthM6zib0+YJINHTaEqZEZyGPKGjjMPaYVKr1Eh3RoNBTtAJGg6yPN5+yyBRdbA8Ng==",
      "dev": true
    },
    "@types/has": {
      "version": "1.0.2",
      "resolved": "https://registry.npmjs.org/@types/has/-/has-1.0.2.tgz",
      "integrity": "sha512-vhcifZ6AWr3DdePyETcJjc5qkkkNR8YPONpdbEN0H02J+9JbAKkYS33XoXeTIFvPlffSqCJ8wSpCc+jVX1ug7w==",
      "dev": true
    },
    "@types/has-symbols": {
      "version": "1.0.2",
      "resolved": "https://registry.npmjs.org/@types/has-symbols/-/has-symbols-1.0.2.tgz",
      "integrity": "sha512-551979ntXWnimhHovwbRaWMOvaquFDpTL08M/xaaBAHFxMpm6+j3yEmh0lYMxrAovnDo1o6OLeqaMdlMM6facw==",
      "dev": true
    },
    "@types/http-errors": {
      "version": "2.0.4",
      "resolved": "https://registry.npmjs.org/@types/http-errors/-/http-errors-2.0.4.tgz",
      "integrity": "sha512-D0CFMMtydbJAegzOyHjtiKPLlvnm3iTZyZRSZoLq2mRhDdmLfIWOCYPfQJ4cu2erKghU++QvjcUjp/5h7hESpA==",
      "dev": true
    },
    "@types/inherits": {
      "version": "0.0.33",
      "resolved": "https://registry.npmjs.org/@types/inherits/-/inherits-0.0.33.tgz",
      "integrity": "sha512-ICS/+dYTkt3D7GPBAKqAAFXpeoWOZ6CVhiOlcweN4t3gZd8joVIy43KWsKGPL+d2Rvxunhz80Z7zlZhmR/q+GQ==",
      "dev": true,
      "requires": {
        "@types/node": "*"
      }
    },
    "@types/json-bigint": {
      "version": "1.0.4",
      "resolved": "https://registry.npmjs.org/@types/json-bigint/-/json-bigint-1.0.4.tgz",
      "integrity": "sha512-ydHooXLbOmxBbubnA7Eh+RpBzuaIiQjh8WGJYQB50JFGFrdxW7JzVlyEV7fAXw0T2sqJ1ysTneJbiyNLqZRAag==",
      "dev": true
    },
    "@types/lodash": {
      "version": "4.14.202",
      "resolved": "https://registry.npmjs.org/@types/lodash/-/lodash-4.14.202.tgz",
      "integrity": "sha512-OvlIYQK9tNneDlS0VN54LLd5uiPCBOp7gS5Z0f1mjoJYBrtStzgmJBxONW3U6OZqdtNzZPmn9BS/7WI7BFFcFQ==",
      "dev": true
    },
    "@types/media-typer": {
      "version": "1.1.3",
      "resolved": "https://registry.npmjs.org/@types/media-typer/-/media-typer-1.1.3.tgz",
      "integrity": "sha512-VdcF4m1OVqqBZXzoWVneuJkTSk3edcd2Tu9fNWh5fu8UI+YImy/ZzqXkM4nqszV2I+D36IpEOsRLlgqI728yyA==",
      "dev": true
    },
    "@types/merge-descriptors": {
      "version": "1.0.3",
      "resolved": "https://registry.npmjs.org/@types/merge-descriptors/-/merge-descriptors-1.0.3.tgz",
      "integrity": "sha512-ZhU/HNM9R75TO8PBn0+zDi7tbYEygeraTjDHAkGpgFFKKEj/Al4RysG+oWyrRusPRDUvctaK+SYrw1m2SdLNNQ==",
      "dev": true
    },
    "@types/methods": {
      "version": "1.1.4",
      "resolved": "https://registry.npmjs.org/@types/methods/-/methods-1.1.4.tgz",
      "integrity": "sha512-ymXWVrDiCxTBE3+RIrrP533E70eA+9qu7zdWoHuOmGujkYtzf4HQF96b8nwHLqhuf4ykX61IGRIB38CC6/sImQ==",
      "dev": true
    },
    "@types/mime": {
      "version": "3.0.4",
      "resolved": "https://registry.npmjs.org/@types/mime/-/mime-3.0.4.tgz",
      "integrity": "sha512-iJt33IQnVRkqeqC7PzBHPTC6fDlRNRW8vjrgqtScAhrmMwe8c4Eo7+fUGTa+XdWrpEgpyKWMYmi2dIwMAYRzPw==",
      "dev": true
    },
    "@types/mime-db": {
      "version": "1.43.5",
      "resolved": "https://registry.npmjs.org/@types/mime-db/-/mime-db-1.43.5.tgz",
      "integrity": "sha512-/bfTiIUTNPUBnwnYvUxXAre5MhD88jgagLEQiQtIASjU+bwxd8kS/ASDA4a8ufd8m0Lheu6eeMJHEUpLHoJ28A==",
      "dev": true
    },
    "@types/mime-types": {
      "version": "2.1.4",
      "resolved": "https://registry.npmjs.org/@types/mime-types/-/mime-types-2.1.4.tgz",
      "integrity": "sha512-lfU4b34HOri+kAY5UheuFMWPDOI+OPceBSHZKp69gEyTL/mmJ4cnU6Y/rlme3UL3GyOn6Y42hyIEw0/q8sWx5w==",
      "dev": true
    },
    "@types/ms": {
      "version": "0.7.34",
      "resolved": "https://registry.npmjs.org/@types/ms/-/ms-0.7.34.tgz",
      "integrity": "sha512-nG96G3Wp6acyAgJqGasjODb+acrI7KltPiRxzHPXnP3NgI28bpQDRv53olbqGXbfcgF5aiiHmO3xpwEpS5Ld9g==",
      "dev": true
    },
    "@types/negotiator": {
      "version": "0.6.3",
      "resolved": "https://registry.npmjs.org/@types/negotiator/-/negotiator-0.6.3.tgz",
      "integrity": "sha512-JkXTOdKs5MF086b/pt8C3+yVp3iDUwG635L7oCH6HvJvvr6lSUU5oe/gLXnPEfYRROHjJIPgCV6cuAg8gGkntQ==",
      "dev": true
    },
    "@types/node": {
      "version": "20.8.10",
      "resolved": "https://registry.npmjs.org/@types/node/-/node-20.8.10.tgz",
      "integrity": "sha512-TlgT8JntpcbmKUFzjhsyhGfP2fsiz1Mv56im6enJ905xG1DAYesxJaeSbGqQmAw8OWPdhyJGhGSQGKRNJ45u9w==",
      "dev": true,
      "requires": {
        "undici-types": "~5.26.4"
      }
    },
    "@types/object-inspect": {
      "version": "1.8.4",
      "resolved": "https://registry.npmjs.org/@types/object-inspect/-/object-inspect-1.8.4.tgz",
      "integrity": "sha512-2yh72JxmDney1h7LQvkyO8p8FOmNMQXGs8HjuXS3SXvE/dLydLLjBqKCdHqcTUo66CQVHfn7yFR680bvi9jlVw==",
      "dev": true
    },
    "@types/on-finished": {
      "version": "2.3.4",
      "resolved": "https://registry.npmjs.org/@types/on-finished/-/on-finished-2.3.4.tgz",
      "integrity": "sha512-Ld4UQD3udYcKPaAWlI1EYXKhefkZcTlpqOLkQRmN3u5Ml/tUypMivUHbNH8LweP4H4FlhGGO+uBjJI1Y1dkE1g==",
      "dev": true,
      "requires": {
        "@types/node": "*"
      }
    },
    "@types/parseurl": {
      "version": "1.3.3",
      "resolved": "https://registry.npmjs.org/@types/parseurl/-/parseurl-1.3.3.tgz",
      "integrity": "sha512-eamlh+uXpNIG2yVdl6UdBTR3B6jtmJl/JWTNTQAN1K3VH1s5F6UPOhgLwCnU9FJ7R/PnUsRN9zFSpMcxwa2Ndg==",
      "dev": true,
      "requires": {
        "@types/node": "*"
      }
    },
    "@types/proxy-addr": {
      "version": "2.0.3",
      "resolved": "https://registry.npmjs.org/@types/proxy-addr/-/proxy-addr-2.0.3.tgz",
      "integrity": "sha512-TgAHHO4tNG3HgLTUhB+hM4iwW6JUNeQHCLnF1DjaDA9c69PN+IasoFu2MYDhubFc+ZIw5c5t9DMtjvrD6R3Egg==",
      "dev": true,
      "requires": {
        "@types/node": "*"
      }
    },
    "@types/proxy-from-env": {
      "version": "1.0.4",
      "resolved": "https://registry.npmjs.org/@types/proxy-from-env/-/proxy-from-env-1.0.4.tgz",
      "integrity": "sha512-TPR9/bCZAr3V1eHN4G3LD3OLicdJjqX1QRXWuNcCYgE66f/K8jO2ZRtHxI2D9MbnuUP6+qiKSS8eUHp6TFHGCw==",
      "dev": true,
      "requires": {
        "@types/node": "*"
      }
    },
    "@types/qs": {
      "version": "6.9.11",
      "resolved": "https://registry.npmjs.org/@types/qs/-/qs-6.9.11.tgz",
      "integrity": "sha512-oGk0gmhnEJK4Yyk+oI7EfXsLayXatCWPHary1MtcmbAifkobT9cM9yutG/hZKIseOU0MqbIwQ/u2nn/Gb+ltuQ==",
      "dev": true
    },
    "@types/range-parser": {
      "version": "1.2.7",
      "resolved": "https://registry.npmjs.org/@types/range-parser/-/range-parser-1.2.7.tgz",
      "integrity": "sha512-hKormJbkJqzQGhziax5PItDUTMAM9uE2XXQmM37dyd4hVM+5aVl7oVxMVUiVQn2oCQFN/LKCZdvSM0pFRqbSmQ==",
      "dev": true
    },
    "@types/safer-buffer": {
      "version": "2.1.3",
      "resolved": "https://registry.npmjs.org/@types/safer-buffer/-/safer-buffer-2.1.3.tgz",
      "integrity": "sha512-5o3RcpBa7mUFnnnoMa9UIGOf9naD4DCKKMYzqkm9OSY7NNTd26k7adNC+fphcVRI9BUJglBs2yJQiRZYqBF/8w==",
      "dev": true,
      "requires": {
        "@types/node": "*"
      }
    },
    "@types/send": {
      "version": "0.17.4",
      "resolved": "https://registry.npmjs.org/@types/send/-/send-0.17.4.tgz",
      "integrity": "sha512-x2EM6TJOybec7c52BX0ZspPodMsQUd5L6PRwOunVyVUhXiBSKf3AezDL8Dgvgt5o0UfKNfuA0eMLr2wLT4AiBA==",
      "dev": true,
      "requires": {
        "@types/mime": "^1",
        "@types/node": "*"
      },
      "dependencies": {
        "@types/mime": {
          "version": "1.3.5",
          "resolved": "https://registry.npmjs.org/@types/mime/-/mime-1.3.5.tgz",
          "integrity": "sha512-/pyBZWSLD2n0dcHE3hq8s8ZvcETHtEuF+3E7XVt0Ig2nvsVQXdghHVcEkIWjy9A0wKfTn97a/PSDYohKIlnP/w==",
          "dev": true
        }
      }
    },
    "@types/serve-static": {
      "version": "1.15.5",
      "resolved": "https://registry.npmjs.org/@types/serve-static/-/serve-static-1.15.5.tgz",
      "integrity": "sha512-PDRk21MnK70hja/YF8AHfC7yIsiQHn1rcXx7ijCFBX/k+XQJhQT/gw3xekXKJvx+5SXaMMS8oqQy09Mzvz2TuQ==",
      "dev": true,
      "requires": {
        "@types/http-errors": "*",
        "@types/mime": "*",
        "@types/node": "*"
      }
    },
    "@types/statuses": {
      "version": "2.0.4",
      "resolved": "https://registry.npmjs.org/@types/statuses/-/statuses-2.0.4.tgz",
      "integrity": "sha512-eqNDvZsCNY49OAXB0Firg/Sc2BgoWsntsLUdybGFOhAfCD6QJ2n9HXUIHGqt5qjrxmMv4wS8WLAw43ZkKcJ8Pw==",
      "dev": true
    },
    "@types/string-similarity": {
      "version": "4.0.2",
      "resolved": "https://registry.npmjs.org/@types/string-similarity/-/string-similarity-4.0.2.tgz",
      "integrity": "sha512-LkJQ/jsXtCVMK+sKYAmX/8zEq+/46f1PTQw7YtmQwb74jemS1SlNLmARM2Zml9DgdDTWKAtc5L13WorpHPDjDA==",
      "dev": true
    },
    "@types/supports-color": {
      "version": "8.1.3",
      "resolved": "https://registry.npmjs.org/@types/supports-color/-/supports-color-8.1.3.tgz",
      "integrity": "sha512-Hy6UMpxhE3j1tLpl27exp1XqHD7n8chAiNPzWfz16LPZoMMoSc4dzLl6w9qijkEb/r5O1ozdu1CWGA2L83ZeZg==",
      "dev": true
    },
    "@types/toidentifier": {
      "version": "1.0.2",
      "resolved": "https://registry.npmjs.org/@types/toidentifier/-/toidentifier-1.0.2.tgz",
      "integrity": "sha512-QDud7UhHNNPBlyEXVT6Taf/0S3hEM5Iid+q/zwBmjJPCGL5j27uhwECQnFSQbedbLqhQIB9fzDNaBwU+blFL6A==",
      "dev": true
    },
    "@types/tr46": {
      "version": "3.0.3",
      "resolved": "https://registry.npmjs.org/@types/tr46/-/tr46-3.0.3.tgz",
      "integrity": "sha512-GHa+gvc6Ci9lVloIZJlO+rufRVMA5PXrruGc5TmmtO3HoCj1N7mG7EOM9wzXsOmT/LFOXWEF+GyjNmj1wUc6eA==",
      "dev": true
    },
    "@types/type-is": {
      "version": "1.6.6",
      "resolved": "https://registry.npmjs.org/@types/type-is/-/type-is-1.6.6.tgz",
      "integrity": "sha512-fs1KHv/f9OvmTMsu4sBNaUu32oyda9Y9uK25naJG8gayxNrfqGIjPQsbLIYyfe7xFkppnPlJB+BuTldOaX9bXw==",
      "dev": true,
      "requires": {
        "@types/node": "*"
      }
    },
    "@types/utils-merge": {
      "version": "0.0.31",
      "resolved": "https://registry.npmjs.org/@types/utils-merge/-/utils-merge-0.0.31.tgz",
      "integrity": "sha512-YyMQ/CjEy0vLdXGUj8h/+SAwNrysJohxBWMNdAzXge0kVPEKGfiz5YuYBlQDjQsEa4apy4w++4+bYRFbg2PY4w==",
      "dev": true
    },
    "@types/vary": {
      "version": "1.1.3",
      "resolved": "https://registry.npmjs.org/@types/vary/-/vary-1.1.3.tgz",
      "integrity": "sha512-XJT8/ZQCL7NUut9QDLf6l24JfAEl7bnNdgxfj50cHIpEPRJLHHDDFOAq6i+GsEmeFfH7NamhBE4c4Thtb2egWg==",
      "dev": true,
      "requires": {
        "@types/node": "*"
      }
    },
    "@types/webidl-conversions": {
      "version": "7.0.3",
      "resolved": "https://registry.npmjs.org/@types/webidl-conversions/-/webidl-conversions-7.0.3.tgz",
      "integrity": "sha512-CiJJvcRtIgzadHCYXw7dqEnMNRjhGZlYK05Mj9OyktqV8uVT8fD2BFOB7S1uwBE3Kj2Z+4UyPmFw/Ixgw/LAlA==",
      "dev": true
    },
    "@types/whatwg-url": {
      "version": "11.0.4",
      "resolved": "https://registry.npmjs.org/@types/whatwg-url/-/whatwg-url-11.0.4.tgz",
      "integrity": "sha512-lXCmTWSHJvf0TRSO58nm978b8HJ/EdsSsEKLd3ODHFjo+3VGAyyTp4v50nWvwtzBxSMQrVOK7tcuN0zGPLICMw==",
      "dev": true,
      "requires": {
        "@types/webidl-conversions": "*"
      }
    },
    "@types/ws": {
      "version": "8.5.10",
      "resolved": "https://registry.npmjs.org/@types/ws/-/ws-8.5.10.tgz",
      "integrity": "sha512-vmQSUcfalpIq0R9q7uTo2lXs6eGIpt9wtnLdMv9LVpIjCA/+ufZRozlVoVelIYixx1ugCBKDhn89vnsEGOCx9A==",
      "dev": true,
      "requires": {
        "@types/node": "*"
      }
    },
    "types-registry": {
      "version": "0.1.680",
      "resolved": "https://registry.npmjs.org/types-registry/-/types-registry-0.1.680.tgz",
      "integrity": "sha512-8tNKp07GwbdHfSYAAPaBIW3nBtalQct55QSSrt4xT5Oh7OAbZGXmRhj9phmD1XXtre5vjp676zJwD0EqyaCUxQ=="
    },
    "undici-types": {
      "version": "5.26.5",
      "resolved": "https://registry.npmjs.org/undici-types/-/undici-types-5.26.5.tgz",
      "integrity": "sha512-JlCMO+ehdEIKqlFxk6IfVoAUVmgz7cU7zD/h9XZ0qzeosSHmUJVOzSQvvYSYWXkFXC+IfLKSIffhv0sVZup6pA==",
      "dev": true
    }
  }
}
